
Microsoft Visual Studio Solution File, Format Version 12.00
# Visual Studio Version 17
VisualStudioVersion = 17.4.33110.190
MinimumVisualStudioVersion = 10.0.40219.1
Project("{9A19103F-16F7-4668-BE54-9A1E7A4F7556}") = "SerbiaRates", "SerbiaRates\SerbiaRates.csproj", "{7A538CB5-7362-470B-A8FA-3000F9625725}"
EndProject
Project("{2150E333-8FDC-42A3-9474-1A3956D46DE8}") = "tests", "tests", "{F56333A0-2C75-4ECE-A594-19E7ADAF0C7C}"
EndProject
Project("{FAE04EC0-301F-11D3-BF4B-00C04F79EFBC}") = "UnitTests", "UnitTests\UnitTests.csproj", "{C13BEFFE-D770-42D2-8691-BECD2609AD6A}"
EndProject
Project("{2150E333-8FDC-42A3-9474-1A3956D46DE8}") = "src", "src", "{CD2A943C-6B29-45F3-9D36-47222A465971}"
EndProject
Project("{FAE04EC0-301F-11D3-BF4B-00C04F79EFBC}") = "IntegrationTests", "IntegrationTests\IntegrationTests.csproj", "{92E02E29-01FF-46AB-AA5E-16E16BB51E5A}"
EndProject
Global
	GlobalSection(SolutionConfigurationPlatforms) = preSolution
		Debug|Any CPU = Debug|Any CPU
		Release|Any CPU = Release|Any CPU
	EndGlobalSection
	GlobalSection(ProjectConfigurationPlatforms) = postSolution
		{7A538CB5-7362-470B-A8FA-3000F9625725}.Debug|Any CPU.ActiveCfg = Debug|Any CPU
		{7A538CB5-7362-470B-A8FA-3000F9625725}.Debug|Any CPU.Build.0 = Debug|Any CPU
		{7A538CB5-7362-470B-A8FA-3000F9625725}.Release|Any CPU.ActiveCfg = Release|Any CPU
		{7A538CB5-7362-470B-A8FA-3000F9625725}.Release|Any CPU.Build.0 = Release|Any CPU
		{C13BEFFE-D770-42D2-8691-BECD2609AD6A}.Debug|Any CPU.ActiveCfg = Debug|Any CPU
		{C13BEFFE-D770-42D2-8691-BECD2609AD6A}.Debug|Any CPU.Build.0 = Debug|Any CPU
		{C13BEFFE-D770-42D2-8691-BECD2609AD6A}.Release|Any CPU.ActiveCfg = Release|Any CPU
		{C13BEFFE-D770-42D2-8691-BECD2609AD6A}.Release|Any CPU.Build.0 = Release|Any CPU
		{92E02E29-01FF-46AB-AA5E-16E16BB51E5A}.Debug|Any CPU.ActiveCfg = Debug|Any CPU
		{92E02E29-01FF-46AB-AA5E-16E16BB51E5A}.Debug|Any CPU.Build.0 = Debug|Any CPU
		{92E02E29-01FF-46AB-AA5E-16E16BB51E5A}.Release|Any CPU.ActiveCfg = Release|Any CPU
		{92E02E29-01FF-46AB-AA5E-16E16BB51E5A}.Release|Any CPU.Build.0 = Release|Any CPU
	EndGlobalSection
	GlobalSection(SolutionProperties) = preSolution
		HideSolutionNode = FALSE
	EndGlobalSection
	GlobalSection(NestedProjects) = preSolution
		{7A538CB5-7362-470B-A8FA-3000F9625725} = {CD2A943C-6B29-45F3-9D36-47222A465971}
		{C13BEFFE-D770-42D2-8691-BECD2609AD6A} = {F56333A0-2C75-4ECE-A594-19E7ADAF0C7C}
		{92E02E29-01FF-46AB-AA5E-16E16BB51E5A} = {F56333A0-2C75-4ECE-A594-19E7ADAF0C7C}
	EndGlobalSection
	GlobalSection(ExtensibilityGlobals) = postSolution
		SolutionGuid = {A9DF2BA5-C28D-4EAA-9A3F-0251A6936CBA}
	EndGlobalSection
EndGlobal
